
Microsoft Visual Studio Solution File, Format Version 12.00
# Visual Studio 15
VisualStudioVersion = 15.0.26730.10
MinimumVisualStudioVersion = 10.0.40219.1
Project("{FAE04EC0-301F-11D3-BF4B-00C04F79EFBC}") = "Minha Lista", "Minha Lista\Minha Lista.csproj", "{691F8B40-0B77-4A9E-AA68-CBE6DCDCB4F8}"
EndProject
Global
	GlobalSection(SolutionConfigurationPlatforms) = preSolution
		Debug|Any CPU = Debug|Any CPU
		Release|Any CPU = Release|Any CPU
	EndGlobalSection
	GlobalSection(ProjectConfigurationPlatforms) = postSolution
		{691F8B40-0B77-4A9E-AA68-CBE6DCDCB4F8}.Debug|Any CPU.ActiveCfg = Debug|Any CPU
		{691F8B40-0B77-4A9E-AA68-CBE6DCDCB4F8}.Debug|Any CPU.Build.0 = Debug|Any CPU
		{691F8B40-0B77-4A9E-AA68-CBE6DCDCB4F8}.Release|Any CPU.ActiveCfg = Release|Any CPU
		{691F8B40-0B77-4A9E-AA68-CBE6DCDCB4F8}.Release|Any CPU.Build.0 = Release|Any CPU
	EndGlobalSection
	GlobalSection(SolutionProperties) = preSolution
		HideSolutionNode = FALSE
	EndGlobalSection
	GlobalSection(ExtensibilityGlobals) = postSolution
		SolutionGuid = {24E105CC-4422-444C-814F-62FEE632E773}
	EndGlobalSection
EndGlobal
